
Microsoft Visual Studio Solution File, Format Version 12.00
# Visual Studio Version 16
VisualStudioVersion = 16.0.30523.141
MinimumVisualStudioVersion = 10.0.40219.1
Project("{FAE04EC0-301F-11D3-BF4B-00C04F79EFBC}") = "WindowsFormsApp1", "WindowsFormsApp1\WindowsFormsApp1.csproj", "{53AAD1D8-F459-47A5-A790-EAA8357E7CFB}"
EndProject
Global
	GlobalSection(SolutionConfigurationPlatforms) = preSolution
		Debug|Any CPU = Debug|Any CPU
		Release|Any CPU = Release|Any CPU
	EndGlobalSection
	GlobalSection(ProjectConfigurationPlatforms) = postSolution
		{53AAD1D8-F459-47A5-A790-EAA8357E7CFB}.Debug|Any CPU.ActiveCfg = Debug|Any CPU
		{53AAD1D8-F459-47A5-A790-EAA8357E7CFB}.Debug|Any CPU.Build.0 = Debug|Any CPU
		{53AAD1D8-F459-47A5-A790-EAA8357E7CFB}.Release|Any CPU.ActiveCfg = Release|Any CPU
		{53AAD1D8-F459-47A5-A790-EAA8357E7CFB}.Release|Any CPU.Build.0 = Release|Any CPU
	EndGlobalSection
	GlobalSection(SolutionProperties) = preSolution
		HideSolutionNode = FALSE
	EndGlobalSection
	GlobalSection(ExtensibilityGlobals) = postSolution
		SolutionGuid = {7616FA2C-D5C5-4DC8-A963-E8FA1964DD82}
	EndGlobalSection
EndGlobal
